// !$*UTF8*$!
{
	archiveVersion = 1;
	classes = {
	};
	objectVersion = 46;
	objects = {

/* Begin PBXBuildFile section */
		266F95541D086BDB002C15C4 /* DropDownListPicker.m in Sources */ = {isa = PBXBuildFile; fileRef = 266F95531D086BDB002C15C4 /* DropDownListPicker.m */; };
		26D634711D086B4E000CAFED /* main.m in Sources */ = {isa = PBXBuildFile; fileRef = 26D634701D086B4E000CAFED /* main.m */; };
		26D634741D086B4E000CAFED /* AppDelegate.m in Sources */ = {isa = PBXBuildFile; fileRef = 26D634731D086B4E000CAFED /* AppDelegate.m */; };
		26D634771D086B4E000CAFED /* ViewController.m in Sources */ = {isa = PBXBuildFile; fileRef = 26D634761D086B4E000CAFED /* ViewController.m */; };
		26D6347A1D086B4E000CAFED /* Main.storyboard in Resources */ = {isa = PBXBuildFile; fileRef = 26D634781D086B4E000CAFED /* Main.storyboard */; };
		26D6347C1D086B4E000CAFED /* Assets.xcassets in Resources */ = {isa = PBXBuildFile; fileRef = 26D6347B1D086B4E000CAFED /* Assets.xcassets */; };
		26D6347F1D086B4E000CAFED /* LaunchScreen.storyboard in Resources */ = {isa = PBXBuildFile; fileRef = 26D6347D1D086B4E000CAFED /* LaunchScreen.storyboard */; };
/* End PBXBuildFile section */

/* Begin PBXFileReference section */
		266F95521D086BDB002C15C4 /* DropDownListPicker.h */ = {isa = PBXFileReference; fileEncoding = 4; lastKnownFileType = sourcecode.c.h; path = DropDownListPicker.h; sourceTree = "<group>"; };
		266F95531D086BDB002C15C4 /* DropDownListPicker.m */ = {isa = PBXFileReference; fileEncoding = 4; lastKnownFileType = sourcecode.c.objc; path = DropDownListPicker.m; sourceTree = "<group>"; };
		26D6346C1D086B4E000CAFED /* DropDownListPicker.app */ = {isa = PBXFileReference; explicitFileType = wrapper.application; includeInIndex = 0; path = DropDownListPicker.app; sourceTree = BUILT_PRODUCTS_DIR; };
		26D634701D086B4E000CAFED /* main.m */ = {isa = PBXFileReference; lastKnownFileType = sourcecode.c.objc; path = main.m; sourceTree = "<group>"; };
		26D634721D086B4E000CAFED /* AppDelegate.h */ = {isa = PBXFileReference; lastKnownFileType = sourcecode.c.h; path = AppDelegate.h; sourceTree = "<group>"; };
		26D634731D086B4E000CAFED /* AppDelegate.m */ = {isa = PBXFileReference; lastKnownFileType = sourcecode.c.objc; path = AppDelegate.m; sourceTree = "<group>"; };
		26D634751D086B4E000CAFED /* ViewController.h */ = {isa = PBXFileReference; lastKnownFileType = sourcecode.c.h; path = ViewController.h; sourceTree = "<group>"; };
		26D634761D086B4E000CAFED /* ViewController.m */ = {isa = PBXFileReference; lastKnownFileType = sourcecode.c.objc; path = ViewController.m; sourceTree = "<group>"; };
		26D634791D086B4E000CAFED /* Base */ = {isa = PBXFileReference; lastKnownFileType = file.storyboard; name = Base; path = Base.lproj/Main.storyboard; sourceTree = "<group>"; };
		26D6347B1D086B4E000CAFED /* Assets.xcassets */ = {isa = PBXFileReference; lastKnownFileType = folder.assetcatalog; path = Assets.xcassets; sourceTree = "<group>"; };
		26D6347E1D086B4E000CAFED /* Base */ = {isa = PBXFileReference; lastKnownFileType = file.storyboard; name = Base; path = Base.lproj/LaunchScreen.storyboard; sourceTree = "<group>"; };
		26D634801D086B4E000CAFED /* Info.plist */ = {isa = PBXFileReference; lastKnownFileType = text.plist.xml; path = Info.plist; sourceTree = "<group>"; };
/* End PBXFileReference section */

/* Begin PBXFrameworksBuildPhase section */
		26D634691D086B4E000CAFED /* Frameworks */ = {
			isa = PBXFrameworksBuildPhase;
			buildActionMask = 2147483647;
			files = (
			);
			runOnlyForDeploymentPostprocessing = 0;
		};
/* End PBXFrameworksBuildPhase section */

/* Begin PBXGroup section */
		266F95511D086BDB002C15C4 /* Classes */ = {
			isa = PBXGroup;
			children = (
				266F95521D086BDB002C15C4 /* DropDownListPicker.h */,
				266F95531D086BDB002C15C4 /* DropDownListPicker.m */,
			);
			path = Classes;
			sourceTree = "<group>";
		};
		26D634631D086B4E000CAFED = {
			isa = PBXGroup;
			children = (
				266F95511D086BDB002C15C4 /* Classes */,
				26D6346E1D086B4E000CAFED /* DropDownListPicker */,
				26D6346D1D086B4E000CAFED /* Products */,
			);
			sourceTree = "<group>";
		};
		26D6346D1D086B4E000CAFED /* Products */ = {
			isa = PBXGroup;
			children = (
				26D6346C1D086B4E000CAFED /* DropDownListPicker.app */,
			);
			name = Products;
			sourceTree = "<group>";
		};
		26D6346E1D086B4E000CAFED /* DropDownListPicker */ = {
			isa = PBXGroup;
			children = (
				26D634721D086B4E000CAFED /* AppDelegate.h */,
				26D634731D086B4E000CAFED /* AppDelegate.m */,
				26D634751D086B4E000CAFED /* ViewController.h */,
				26D634761D086B4E000CAFED /* ViewController.m */,
				26D634781D086B4E000CAFED /* Main.storyboard */,
				26D6347B1D086B4E000CAFED /* Assets.xcassets */,
				26D6347D1D086B4E000CAFED /* LaunchScreen.storyboard */,
				26D634801D086B4E000CAFED /* Info.plist */,
				26D6346F1D086B4E000CAFED /* Supporting Files */,
			);
			path = DropDownListPicker;
			sourceTree = "<group>";
		};
		26D6346F1D086B4E000CAFED /* Supporting Files */ = {
			isa = PBXGroup;
			children = (
				26D634701D086B4E000CAFED /* main.m */,
			);
			name = "Supporting Files";
			sourceTree = "<group>";
		};
/* End PBXGroup section */

/* Begin PBXNativeTarget section */
		26D6346B1D086B4E000CAFED /* DropDownListPicker */ = {
			isa = PBXNativeTarget;
			buildConfigurationList = 26D634831D086B4E000CAFED /* Build configuration list for PBXNativeTarget "DropDownListPicker" */;
			buildPhases = (
				26D634681D086B4E000CAFED /* Sources */,
				26D634691D086B4E000CAFED /* Frameworks */,
				26D6346A1D086B4E000CAFED /* Resources */,
			);
			buildRules = (
			);
			dependencies = (
			);
			name = DropDownListPicker;
			productName = DropDownListPicker;
			productReference = 26D6346C1D086B4E000CAFED /* DropDownListPicker.app */;
			productType = "com.apple.product-type.application";
		};
/* End PBXNativeTarget section */

/* Begin PBXProject section */
		26D634641D086B4E000CAFED /* Project object */ = {
			isa = PBXProject;
			attributes = {
				LastUpgradeCheck = 0730;
				ORGANIZATIONNAME = WangChongyang;
				TargetAttributes = {
					26D6346B1D086B4E000CAFED = {
						CreatedOnToolsVersion = 7.3.1;
					};
				};
			};
			buildConfigurationList = 26D634671D086B4E000CAFED /* Build configuration list for PBXProject "DropDownListPicker" */;
			compatibilityVersion = "Xcode 3.2";
			developmentRegion = English;
			hasScannedForEncodings = 0;
			knownRegions = (
				en,
				Base,
			);
			mainGroup = 26D634631D086B4E000CAFED;
			productRefGroup = 26D6346D1D086B4E000CAFED /* Products */;
			projectDirPath = "";
			projectRoot = "";
			targets = (
				26D6346B1D086B4E000CAFED /* DropDownListPicker */,
			);
		};
/* End PBXProject section */

/* Begin PBXResourcesBuildPhase section */
		26D6346A1D086B4E000CAFED /* Resources */ = {
			isa = PBXResourcesBuildPhase;
			buildActionMask = 2147483647;
			files = (
				26D6347F1D086B4E000CAFED /* LaunchScreen.storyboard in Resources */,
				26D6347C1D086B4E000CAFED /* Assets.xcassets in Resources */,
				26D6347A1D086B4E000CAFED /* Main.storyboard in Resources */,
			);
			runOnlyForDeploymentPostprocessing = 0;
		};
/* End PBXResourcesBuildPhase section */

/* Begin PBXSourcesBuildPhase section */
		26D634681D086B4E000CAFED /* Sources */ = {
			isa = PBXSourcesBuildPhase;
			buildActionMask = 2147483647;
			files = (
				26D634771D086B4E000CAFED /* ViewController.m in Sources */,
				26D634741D086B4E000CAFED /* AppDelegate.m in Sources */,
				266F95541D086BDB002C15C4 /* DropDownListPicker.m in Sources */,
				26D634711D086B4E000CAFED /* main.m in Sources */,
			);
			runOnlyForDeploymentPostprocessing = 0;
		};
/* End PBXSourcesBuildPhase section */

/* Begin PBXVariantGroup section */
		26D634781D086B4E000CAFED /* Main.storyboard */ = {
			isa = PBXVariantGroup;
			children = (
				26D634791D086B4E000CAFED /* Base */,
			);
			name = Main.storyboard;
			sourceTree = "<group>";
		};
		26D6347D1D086B4E000CAFED /* LaunchScreen.storyboard */ = {
			isa = PBXVariantGroup;
			children = (
				26D6347E1D086B4E000CAFED /* Base */,
			);
			name = LaunchScreen.storyboard;
			sourceTree = "<group>";
		};
/* End PBXVariantGroup section */

/* Begin XCBuildConfiguration section */
		26D634811D086B4E000CAFED /* Debug */ = {
			isa = XCBuildConfiguration;
			buildSettings = {
				ALWAYS_SEARCH_USER_PATHS = NO;
				CLANG_ANALYZER_NONNULL = YES;
				CLANG_CXX_LANGUAGE_STANDARD = "gnu++0x";
				CLANG_CXX_LIBRARY = "libc++";
				CLANG_ENABLE_MODULES = YES;
				CLANG_ENABLE_OBJC_ARC = YES;
				CLANG_WARN_BOOL_CONVERSION = YES;
				CLANG_WARN_CONSTANT_CONVERSION = YES;
				CLANG_WARN_DIRECT_OBJC_ISA_USAGE = YES_ERROR;
				CLANG_WARN_EMPTY_BODY = YES;
				CLANG_WARN_ENUM_CONVERSION = YES;
				CLANG_WARN_INT_CONVERSION = YES;
				CLANG_WARN_OBJC_ROOT_CLASS = YES_ERROR;
				CLANG_WARN_UNREACHABLE_CODE = YES;
				CLANG_WARN__DUPLICATE_METHOD_MATCH = YES;
				"CODE_SIGN_IDENTITY[sdk=iphoneos*]" = "iPhone Developer";
				COPY_PHASE_STRIP = NO;
				DEBUG_INFORMATION_FORMAT = dwarf;
				ENABLE_STRICT_OBJC_MSGSEND = YES;
				ENABLE_TESTABILITY = YES;
				GCC_C_LANGUAGE_STANDARD = gnu99;
				GCC_DYNAMIC_NO_PIC = NO;
				GCC_NO_COMMON_BLOCKS = YES;
				GCC_OPTIMIZATION_LEVEL = 0;
				GCC_PREPROCESSOR_DEFINITIONS = (
					"DEBUG=1",
					"$(inherited)",
				);
				GCC_WARN_64_TO_32_BIT_CONVERSION = YES;
				GCC_WARN_ABOUT_RETURN_TYPE = YES_ERROR;
				GCC_WARN_UNDECLARED_SELECTOR = YES;
				GCC_WARN_UNINITIALIZED_AUTOS = YES_AGGRESSIVE;
				GCC_WARN_UNUSED_FUNCTION = YES;
				GCC_WARN_UNUSED_VARIABLE = YES;
				IPHONEOS_DEPLOYMENT_TARGET = 9.3;
				MTL_ENABLE_DEBUG_INFO = YES;
				ONLY_ACTIVE_ARCH = YES;
				SDKROOT = iphoneos;
			};
			name = Debug;
		};
		26D634821D086B4E000CAFED /* Release */ = {
			isa = XCBuildConfiguration;
			buildSettings = {
				ALWAYS_SEARCH_USER_PATHS = NO;
				CLANG_ANALYZER_NONNULL = YES;
				CLANG_CXX_LANGUAGE_STANDARD = "gnu++0x";
				CLANG_CXX_LIBRARY = "libc++";
				CLANG_ENABLE_MODULES = YES;
				CLANG_ENABLE_OBJC_ARC = YES;
				CLANG_WARN_BOOL_CONVERSION = YES;
				CLANG_WARN_CONSTANT_CONVERSION = YES;
				CLANG_WARN_DIRECT_OBJC_ISA_USAGE = YES_ERROR;
				CLANG_WARN_EMPTY_BODY = YES;
				CLANG_WARN_ENUM_CONVERSION = YES;
				CLANG_WARN_INT_CONVERSION = YES;
				CLANG_WARN_OBJC_ROOT_CLASS = YES_ERROR;
				CLANG_WARN_UNREACHABLE_CODE = YES;
				CLANG_WARN__DUPLICATE_METHOD_MATCH = YES;
				"CODE_SIGN_IDENTITY[sdk=iphoneos*]" = "iPhone Developer";
				COPY_PHASE_STRIP = NO;
				DEBUG_INFORMATION_FORMAT = "dwarf-with-dsym";
				ENABLE_NS_ASSERTIONS = NO;
				ENABLE_STRICT_OBJC_MSGSEND = YES;
				GCC_C_LANGUAGE_STANDARD = gnu99;
				GCC_NO_COMMON_BLOCKS = YES;
				GCC_WARN_64_TO_32_BIT_CONVERSION = YES;
				GCC_WARN_ABOUT_RETURN_TYPE = YES_ERROR;
				GCC_WARN_UNDECLARED_SELECTOR = YES;
				GCC_WARN_UNINITIALIZED_AUTOS = YES_AGGRESSIVE;
				GCC_WARN_UNUSED_FUNCTION = YES;
				GCC_WARN_UNUSED_VARIABLE = YES;
				IPHONEOS_DEPLOYMENT_TARGET = 9.3;
				MTL_ENABLE_DEBUG_INFO = NO;
				SDKROOT = iphoneos;
				VALIDATE_PRODUCT = YES;
			};
			name = Release;
		};
		26D634841D086B4E000CAFED /* Debug */ = {
			isa = XCBuildConfiguration;
			buildSettings = {
				ASSETCATALOG_COMPILER_APPICON_NAME = AppIcon;
				INFOPLIST_FILE = DropDownListPicker/Info.plist;
				LD_RUNPATH_SEARCH_PATHS = "$(inherited) @executable_path/Frameworks";
				PRODUCT_BUNDLE_IDENTIFIER = WangChongyang.DropDownListPicker;
				PRODUCT_NAME = "$(TARGET_NAME)";
			};
			name = Debug;
		};
		26D634851D086B4E000CAFED /* Release */ = {
			isa = XCBuildConfiguration;
			buildSettings = {
				ASSETCATALOG_COMPILER_APPICON_NAME = AppIcon;
				INFOPLIST_FILE = DropDownListPicker/Info.plist;
				LD_RUNPATH_SEARCH_PATHS = "$(inherited) @executable_path/Frameworks";
				PRODUCT_BUNDLE_IDENTIFIER = WangChongyang.DropDownListPicker;
				PRODUCT_NAME = "$(TARGET_NAME)";
			};
			name = Release;
		};
/* End XCBuildConfiguration section */

/* Begin XCConfigurationList section */
		26D634671D086B4E000CAFED /* Build configuration list for PBXProject "DropDownListPicker" */ = {
			isa = XCConfigurationList;
			buildConfigurations = (
				26D634811D086B4E000CAFED /* Debug */,
				26D634821D086B4E000CAFED /* Release */,
			);
			defaultConfigurationIsVisible = 0;
			defaultConfigurationName = Release;
		};
		26D634831D086B4E000CAFED /* Build configuration list for PBXNativeTarget "DropDownListPicker" */ = {
			isa = XCConfigurationList;
			buildConfigurations = (
				26D634841D086B4E000CAFED /* Debug */,
				26D634851D086B4E000CAFED /* Release */,
			);
			defaultConfigurationIsVisible = 0;
			defaultConfigurationName = Release;
		};
/* End XCConfigurationList section */
	};
	rootObject = 26D634641D086B4E000CAFED /* Project object */;
}
